
Microsoft Visual Studio Solution File, Format Version 12.00
Project("{F2A71F9B-5D33-465A-A702-920D77279786}") = "TDD-Poker-fharp-Test", "TDD-Poker-fharp-Test\TDD-Poker-fharp-Test.fsproj", "{A54B685B-FDDF-46DF-8662-6E108C53B625}"
EndProject
Global
	GlobalSection(SolutionConfigurationPlatforms) = preSolution
		Debug|Any CPU = Debug|Any CPU
		Release|Any CPU = Release|Any CPU
	EndGlobalSection
	GlobalSection(ProjectConfigurationPlatforms) = postSolution
		{A54B685B-FDDF-46DF-8662-6E108C53B625}.Debug|Any CPU.ActiveCfg = Debug|Any CPU
		{A54B685B-FDDF-46DF-8662-6E108C53B625}.Debug|Any CPU.Build.0 = Debug|Any CPU
		{A54B685B-FDDF-46DF-8662-6E108C53B625}.Release|Any CPU.ActiveCfg = Release|Any CPU
		{A54B685B-FDDF-46DF-8662-6E108C53B625}.Release|Any CPU.Build.0 = Release|Any CPU
	EndGlobalSection
EndGlobal
